// !$*UTF8*$!
{
	archiveVersion = 1;
	classes = {
	};
	objectVersion = 46;
	objects = {

/* Begin PBXBuildFile section */
		02B7113D1D2D44EF00ECA31B /* AppDelegate.swift in Sources */ = {isa = PBXBuildFile; fileRef = 02B7113C1D2D44EF00ECA31B /* AppDelegate.swift */; };
		02B7113F1D2D44EF00ECA31B /* ViewController.swift in Sources */ = {isa = PBXBuildFile; fileRef = 02B7113E1D2D44EF00ECA31B /* ViewController.swift */; };
		02B711421D2D44EF00ECA31B /* Main.storyboard in Resources */ = {isa = PBXBuildFile; fileRef = 02B711401D2D44EF00ECA31B /* Main.storyboard */; };
		02B711441D2D44EF00ECA31B /* Assets.xcassets in Resources */ = {isa = PBXBuildFile; fileRef = 02B711431D2D44EF00ECA31B /* Assets.xcassets */; };
		02B711471D2D44EF00ECA31B /* LaunchScreen.storyboard in Resources */ = {isa = PBXBuildFile; fileRef = 02B711451D2D44EF00ECA31B /* LaunchScreen.storyboard */; };
/* End PBXBuildFile section */

/* Begin PBXFileReference section */
		02B711391D2D44EF00ECA31B /* Tapper.app */ = {isa = PBXFileReference; explicitFileType = wrapper.application; includeInIndex = 0; path = Tapper.app; sourceTree = BUILT_PRODUCTS_DIR; };
		02B7113C1D2D44EF00ECA31B /* AppDelegate.swift */ = {isa = PBXFileReference; lastKnownFileType = sourcecode.swift; path = AppDelegate.swift; sourceTree = "<group>"; };
		02B7113E1D2D44EF00ECA31B /* ViewController.swift */ = {isa = PBXFileReference; lastKnownFileType = sourcecode.swift; path = ViewController.swift; sourceTree = "<group>"; };
		02B711411D2D44EF00ECA31B /* Base */ = {isa = PBXFileReference; lastKnownFileType = file.storyboard; name = Base; path = Base.lproj/Main.storyboard; sourceTree = "<group>"; };
		02B711431D2D44EF00ECA31B /* Assets.xcassets */ = {isa = PBXFileReference; lastKnownFileType = folder.assetcatalog; path = Assets.xcassets; sourceTree = "<group>"; };
		02B711461D2D44EF00ECA31B /* Base */ = {isa = PBXFileReference; lastKnownFileType = file.storyboard; name = Base; path = Base.lproj/LaunchScreen.storyboard; sourceTree = "<group>"; };
		02B711481D2D44EF00ECA31B /* Info.plist */ = {isa = PBXFileReference; lastKnownFileType = text.plist.xml; path = Info.plist; sourceTree = "<group>"; };
/* End PBXFileReference section */

/* Begin PBXFrameworksBuildPhase section */
		02B711361D2D44EF00ECA31B /* Frameworks */ = {
			isa = PBXFrameworksBuildPhase;
			buildActionMask = 2147483647;
			files = (
			);
			runOnlyForDeploymentPostprocessing = 0;
		};
/* End PBXFrameworksBuildPhase section */

/* Begin PBXGroup section */
		02B711301D2D44EF00ECA31B = {
			isa = PBXGroup;
			children = (
				02B7113B1D2D44EF00ECA31B /* Tapper */,
				02B7113A1D2D44EF00ECA31B /* Products */,
			);
			sourceTree = "<group>";
		};
		02B7113A1D2D44EF00ECA31B /* Products */ = {
			isa = PBXGroup;
			children = (
				02B711391D2D44EF00ECA31B /* Tapper.app */,
			);
			name = Products;
			sourceTree = "<group>";
		};
		02B7113B1D2D44EF00ECA31B /* Tapper */ = {
			isa = PBXGroup;
			children = (
				02B7113C1D2D44EF00ECA31B /* AppDelegate.swift */,
				02B7113E1D2D44EF00ECA31B /* ViewController.swift */,
				02B711401D2D44EF00ECA31B /* Main.storyboard */,
				02B711431D2D44EF00ECA31B /* Assets.xcassets */,
				02B711451D2D44EF00ECA31B /* LaunchScreen.storyboard */,
				02B711481D2D44EF00ECA31B /* Info.plist */,
			);
			path = Tapper;
			sourceTree = "<group>";
		};
/* End PBXGroup section */

/* Begin PBXNativeTarget section */
		02B711381D2D44EF00ECA31B /* Tapper */ = {
			isa = PBXNativeTarget;
			buildConfigurationList = 02B7114B1D2D44EF00ECA31B /* Build configuration list for PBXNativeTarget "Tapper" */;
			buildPhases = (
				02B711351D2D44EF00ECA31B /* Sources */,
				02B711361D2D44EF00ECA31B /* Frameworks */,
				02B711371D2D44EF00ECA31B /* Resources */,
			);
			buildRules = (
			);
			dependencies = (
			);
			name = Tapper;
			productName = Tapper;
			productReference = 02B711391D2D44EF00ECA31B /* Tapper.app */;
			productType = "com.apple.product-type.application";
		};
/* End PBXNativeTarget section */

/* Begin PBXProject section */
		02B711311D2D44EF00ECA31B /* Project object */ = {
			isa = PBXProject;
			attributes = {
				LastSwiftUpdateCheck = 0730;
				LastUpgradeCheck = 0730;
				ORGANIZATIONNAME = MinhLe;
				TargetAttributes = {
					02B711381D2D44EF00ECA31B = {
						CreatedOnToolsVersion = 7.3.1;
						DevelopmentTeam = 7SY45Z33DV;
					};
				};
			};
			buildConfigurationList = 02B711341D2D44EF00ECA31B /* Build configuration list for PBXProject "Tapper" */;
			compatibilityVersion = "Xcode 3.2";
			developmentRegion = English;
			hasScannedForEncodings = 0;
			knownRegions = (
				en,
				Base,
			);
			mainGroup = 02B711301D2D44EF00ECA31B;
			productRefGroup = 02B7113A1D2D44EF00ECA31B /* Products */;
			projectDirPath = "";
			projectRoot = "";
			targets = (
				02B711381D2D44EF00ECA31B /* Tapper */,
			);
		};
/* End PBXProject section */

/* Begin PBXResourcesBuildPhase section */
		02B711371D2D44EF00ECA31B /* Resources */ = {
			isa = PBXResourcesBuildPhase;
			buildActionMask = 2147483647;
			files = (
				02B711471D2D44EF00ECA31B /* LaunchScreen.storyboard in Resources */,
				02B711441D2D44EF00ECA31B /* Assets.xcassets in Resources */,
				02B711421D2D44EF00ECA31B /* Main.storyboard in Resources */,
			);
			runOnlyForDeploymentPostprocessing = 0;
		};
/* End PBXResourcesBuildPhase section */

/* Begin PBXSourcesBuildPhase section */
		02B711351D2D44EF00ECA31B /* Sources */ = {
			isa = PBXSourcesBuildPhase;
			buildActionMask = 2147483647;
			files = (
				02B7113F1D2D44EF00ECA31B /* ViewController.swift in Sources */,
				02B7113D1D2D44EF00ECA31B /* AppDelegate.swift in Sources */,
			);
			runOnlyForDeploymentPostprocessing = 0;
		};
/* End PBXSourcesBuildPhase section */

/* Begin PBXVariantGroup section */
		02B711401D2D44EF00ECA31B /* Main.storyboard */ = {
			isa = PBXVariantGroup;
			children = (
				02B711411D2D44EF00ECA31B /* Base */,
			);
			name = Main.storyboard;
			sourceTree = "<group>";
		};
		02B711451D2D44EF00ECA31B /* LaunchScreen.storyboard */ = {
			isa = PBXVariantGroup;
			children = (
				02B711461D2D44EF00ECA31B /* Base */,
			);
			name = LaunchScreen.storyboard;
			sourceTree = "<group>";
		};
/* End PBXVariantGroup section */

/* Begin XCBuildConfiguration section */
		02B711491D2D44EF00ECA31B /* Debug */ = {
			isa = XCBuildConfiguration;
			buildSettings = {
				ALWAYS_SEARCH_USER_PATHS = NO;
				CLANG_ANALYZER_NONNULL = YES;
				CLANG_CXX_LANGUAGE_STANDARD = "gnu++0x";
				CLANG_CXX_LIBRARY = "libc++";
				CLANG_ENABLE_MODULES = YES;
				CLANG_ENABLE_OBJC_ARC = YES;
				CLANG_WARN_BOOL_CONVERSION = YES;
				CLANG_WARN_CONSTANT_CONVERSION = YES;
				CLANG_WARN_DIRECT_OBJC_ISA_USAGE = YES_ERROR;
				CLANG_WARN_EMPTY_BODY = YES;
				CLANG_WARN_ENUM_CONVERSION = YES;
				CLANG_WARN_INT_CONVERSION = YES;
				CLANG_WARN_OBJC_ROOT_CLASS = YES_ERROR;
				CLANG_WARN_UNREACHABLE_CODE = YES;
				CLANG_WARN__DUPLICATE_METHOD_MATCH = YES;
				"CODE_SIGN_IDENTITY[sdk=iphoneos*]" = "iPhone Developer";
				COPY_PHASE_STRIP = NO;
				DEBUG_INFORMATION_FORMAT = dwarf;
				ENABLE_STRICT_OBJC_MSGSEND = YES;
				ENABLE_TESTABILITY = YES;
				GCC_C_LANGUAGE_STANDARD = gnu99;
				GCC_DYNAMIC_NO_PIC = NO;
				GCC_NO_COMMON_BLOCKS = YES;
				GCC_OPTIMIZATION_LEVEL = 0;
				GCC_PREPROCESSOR_DEFINITIONS = (
					"DEBUG=1",
					"$(inherited)",
				);
				GCC_WARN_64_TO_32_BIT_CONVERSION = YES;
				GCC_WARN_ABOUT_RETURN_TYPE = YES_ERROR;
				GCC_WARN_UNDECLARED_SELECTOR = YES;
				GCC_WARN_UNINITIALIZED_AUTOS = YES_AGGRESSIVE;
				GCC_WARN_UNUSED_FUNCTION = YES;
				GCC_WARN_UNUSED_VARIABLE = YES;
				IPHONEOS_DEPLOYMENT_TARGET = 9.3;
				MTL_ENABLE_DEBUG_INFO = YES;
				ONLY_ACTIVE_ARCH = YES;
				SDKROOT = iphoneos;
				SWIFT_OPTIMIZATION_LEVEL = "-Onone";
			};
			name = Debug;
		};
		02B7114A1D2D44EF00ECA31B /* Release */ = {
			isa = XCBuildConfiguration;
			buildSettings = {
				ALWAYS_SEARCH_USER_PATHS = NO;
				CLANG_ANALYZER_NONNULL = YES;
				CLANG_CXX_LANGUAGE_STANDARD = "gnu++0x";
				CLANG_CXX_LIBRARY = "libc++";
				CLANG_ENABLE_MODULES = YES;
				CLANG_ENABLE_OBJC_ARC = YES;
				CLANG_WARN_BOOL_CONVERSION = YES;
				CLANG_WARN_CONSTANT_CONVERSION = YES;
				CLANG_WARN_DIRECT_OBJC_ISA_USAGE = YES_ERROR;
				CLANG_WARN_EMPTY_BODY = YES;
				CLANG_WARN_ENUM_CONVERSION = YES;
				CLANG_WARN_INT_CONVERSION = YES;
				CLANG_WARN_OBJC_ROOT_CLASS = YES_ERROR;
				CLANG_WARN_UNREACHABLE_CODE = YES;
				CLANG_WARN__DUPLICATE_METHOD_MATCH = YES;
				"CODE_SIGN_IDENTITY[sdk=iphoneos*]" = "iPhone Developer";
				COPY_PHASE_STRIP = NO;
				DEBUG_INFORMATION_FORMAT = "dwarf-with-dsym";
				ENABLE_NS_ASSERTIONS = NO;
				ENABLE_STRICT_OBJC_MSGSEND = YES;
				GCC_C_LANGUAGE_STANDARD = gnu99;
				GCC_NO_COMMON_BLOCKS = YES;
				GCC_WARN_64_TO_32_BIT_CONVERSION = YES;
				GCC_WARN_ABOUT_RETURN_TYPE = YES_ERROR;
				GCC_WARN_UNDECLARED_SELECTOR = YES;
				GCC_WARN_UNINITIALIZED_AUTOS = YES_AGGRESSIVE;
				GCC_WARN_UNUSED_FUNCTION = YES;
				GCC_WARN_UNUSED_VARIABLE = YES;
				IPHONEOS_DEPLOYMENT_TARGET = 9.3;
				MTL_ENABLE_DEBUG_INFO = NO;
				SDKROOT = iphoneos;
				VALIDATE_PRODUCT = YES;
			};
			name = Release;
		};
		02B7114C1D2D44EF00ECA31B /* Debug */ = {
			isa = XCBuildConfiguration;
			buildSettings = {
				ASSETCATALOG_COMPILER_APPICON_NAME = AppIcon;
				CODE_SIGN_IDENTITY = "iPhone Developer";
				INFOPLIST_FILE = Tapper/Info.plist;
				LD_RUNPATH_SEARCH_PATHS = "$(inherited) @executable_path/Frameworks";
				PRODUCT_BUNDLE_IDENTIFIER = com.minhle.Tapper;
				PRODUCT_NAME = "$(TARGET_NAME)";
				TARGETED_DEVICE_FAMILY = "1,2";
			};
			name = Debug;
		};
		02B7114D1D2D44EF00ECA31B /* Release */ = {
			isa = XCBuildConfiguration;
			buildSettings = {
				ASSETCATALOG_COMPILER_APPICON_NAME = AppIcon;
				CODE_SIGN_IDENTITY = "iPhone Developer";
				INFOPLIST_FILE = Tapper/Info.plist;
				LD_RUNPATH_SEARCH_PATHS = "$(inherited) @executable_path/Frameworks";
				PRODUCT_BUNDLE_IDENTIFIER = com.minhle.Tapper;
				PRODUCT_NAME = "$(TARGET_NAME)";
				TARGETED_DEVICE_FAMILY = "1,2";
			};
			name = Release;
		};
/* End XCBuildConfiguration section */

/* Begin XCConfigurationList section */
		02B711341D2D44EF00ECA31B /* Build configuration list for PBXProject "Tapper" */ = {
			isa = XCConfigurationList;
			buildConfigurations = (
				02B711491D2D44EF00ECA31B /* Debug */,
				02B7114A1D2D44EF00ECA31B /* Release */,
			);
			defaultConfigurationIsVisible = 0;
			defaultConfigurationName = Release;
		};
		02B7114B1D2D44EF00ECA31B /* Build configuration list for PBXNativeTarget "Tapper" */ = {
			isa = XCConfigurationList;
			buildConfigurations = (
				02B7114C1D2D44EF00ECA31B /* Debug */,
				02B7114D1D2D44EF00ECA31B /* Release */,
			);
			defaultConfigurationIsVisible = 0;
		};
/* End XCConfigurationList section */
	};
	rootObject = 02B711311D2D44EF00ECA31B /* Project object */;
}
